
Microsoft Visual Studio Solution File, Format Version 12.00
# Visual Studio Version 17
VisualStudioVersion = 17.0.31903.59
MinimumVisualStudioVersion = 10.0.40219.1
Project("{2150E333-8FDC-42A3-9474-1A3956D46DE8}") = "Assistant", "Assistant", "{B1C4763B-A723-4FEB-930D-31F7FF65B530}"
EndProject
Project("{FAE04EC0-301F-11D3-BF4B-00C04F79EFBC}") = "UpdateClientService", "Assistant\UpdateClientService\UpdateClientService.csproj", "{CBCD65EE-3254-4D75-B316-75321033A307}"
EndProject
Project("{2150E333-8FDC-42A3-9474-1A3956D46DE8}") = "Work", "Work", "{069BEE41-0BB5-44C9-A5CA-E1C4A937712C}"
EndProject
Project("{FAE04EC0-301F-11D3-BF4B-00C04F79EFBC}") = "ClientBlockChain", "Work\ClientBlockChain\ClientBlockChain.csproj", "{85B166B4-2661-4AC2-8BCB-89301FD215DB}"
EndProject
Project("{FAE04EC0-301F-11D3-BF4B-00C04F79EFBC}") = "ServerBlockChain", "Work\ServerBlockChain\ServerBlockChain.csproj", "{074B1D60-88B2-4DCE-BD23-AC0767A2AAE7}"
EndProject
Project("{2150E333-8FDC-42A3-9474-1A3956D46DE8}") = "LibClass", "LibClass", "{5681FA8A-1BD5-4E4D-9A14-38125DDC982D}"
EndProject
Project("{FAE04EC0-301F-11D3-BF4B-00C04F79EFBC}") = "LibSsl", "LibClass\LibSsl\LibSsl.csproj", "{B4F29FEE-510C-4B18-B1D2-22457D432F6F}"
EndProject
Project("{FAE04EC0-301F-11D3-BF4B-00C04F79EFBC}") = "LibSocket", "LibClass\LibSocket\LibSocket.csproj", "{A9CA16B2-0F30-4A9A-A0A5-21A3A07B80FA}"
EndProject
Project("{FAE04EC0-301F-11D3-BF4B-00C04F79EFBC}") = "LibJson", "LibClass\LibJson\LibJson.csproj", "{1834BE65-B5D1-4C9F-8409-8C26542CCFDF}"
EndProject
Project("{FAE04EC0-301F-11D3-BF4B-00C04F79EFBC}") = "LibCertificate", "LibClass\LibCertificate\LibCertificate.csproj", "{71987612-935B-402F-8180-B17E36F425BF}"
EndProject
Project("{FAE04EC0-301F-11D3-BF4B-00C04F79EFBC}") = "LibSearchFile", "LibClass\LibSearchFile\LibSearchFile.csproj", "{1B543CDD-8394-4FAC-99E7-90CBDA994AE8}"
EndProject
Project("{FAE04EC0-301F-11D3-BF4B-00C04F79EFBC}") = "LibTimeTask", "LibClass\LibTimeTask\LibTimeTask.csproj", "{957F69E1-5E5B-4F72-9957-FDB255374479}"
EndProject
Project("{FAE04EC0-301F-11D3-BF4B-00C04F79EFBC}") = "LibLayout", "LibClass\LibLayout\LibLayout.csproj", "{30619100-7D5B-433F-BFC6-66B734500CE6}"
EndProject
Project("{FAE04EC0-301F-11D3-BF4B-00C04F79EFBC}") = "LibHandler", "LibClass\LibHandler\LibHandler.csproj", "{6104A41F-8137-4290-ADD3-731BC412FDC6}"
EndProject
Project("{FAE04EC0-301F-11D3-BF4B-00C04F79EFBC}") = "LibRemoteAndClient", "LibClass\LibRemoteAndClient\LibRemoteAndClient.csproj", "{025BCE68-A750-4D22-B955-2A9452059FD4}"
EndProject
Project("{FAE04EC0-301F-11D3-BF4B-00C04F79EFBC}") = "LibSend", "LibClass\LibSend\LibSend.csproj", "{AE641431-6082-4327-9334-45801D5878CB}"
EndProject
Project("{FAE04EC0-301F-11D3-BF4B-00C04F79EFBC}") = "LibReceive", "LibClass\LibReceive\LibReceive.csproj", "{47DE8223-D65F-4513-B425-404ABB177D3C}"
EndProject
Project("{FAE04EC0-301F-11D3-BF4B-00C04F79EFBC}") = "LibCommunicationStatus", "LibClass\LibCommunicationStatus\LibCommunicationStatus.csproj", "{38DC6882-3175-4785-9CC3-584323F36EFB}"
EndProject
Project("{FAE04EC0-301F-11D3-BF4B-00C04F79EFBC}") = "LibSocks5", "LibClass\LibSocks5\LibSocks5.csproj", "{728798CE-0036-4F92-A197-2F22B15ED724}"
EndProject
Project("{2150E333-8FDC-42A3-9474-1A3956D46DE8}") = "API", "API", "{3F3FE1CF-4342-4A45-8E9C-0E7F211CC4F8}"
EndProject
Project("{FAE04EC0-301F-11D3-BF4B-00C04F79EFBC}") = "ApiRemoteWorkClientBlockChain", "API\ApiRemoteWorkClientBlockChain\ApiRemoteWorkClientBlockChain.csproj", "{0F98B4E7-3406-4BFC-9DE2-69CD49D0BD35}"
EndProject
Project("{2150E333-8FDC-42A3-9474-1A3956D46DE8}") = "Solution items", "Solution items", "{1DD71DD2-2380-44C3-9255-7F14125DBBAB}"
	ProjectSection(SolutionItems) = preProject
		Directory.Packages.props = Directory.Packages.props
	EndProjectSection
EndProject
Global
	GlobalSection(SolutionConfigurationPlatforms) = preSolution
		Debug|Any CPU = Debug|Any CPU
		Release|Any CPU = Release|Any CPU
	EndGlobalSection
	GlobalSection(SolutionProperties) = preSolution
		HideSolutionNode = FALSE
	EndGlobalSection
	GlobalSection(ProjectConfigurationPlatforms) = postSolution
		{CBCD65EE-3254-4D75-B316-75321033A307}.Debug|Any CPU.ActiveCfg = Debug|Any CPU
		{CBCD65EE-3254-4D75-B316-75321033A307}.Debug|Any CPU.Build.0 = Debug|Any CPU
		{CBCD65EE-3254-4D75-B316-75321033A307}.Release|Any CPU.ActiveCfg = Release|Any CPU
		{CBCD65EE-3254-4D75-B316-75321033A307}.Release|Any CPU.Build.0 = Release|Any CPU
		{CBCD65EE-3254-4D75-B316-75321033A307}.Debug|Any CPU.Deploy.0 = Debug|Any CPU
		{85B166B4-2661-4AC2-8BCB-89301FD215DB}.Debug|Any CPU.ActiveCfg = Debug|Any CPU
		{85B166B4-2661-4AC2-8BCB-89301FD215DB}.Debug|Any CPU.Build.0 = Debug|Any CPU
		{85B166B4-2661-4AC2-8BCB-89301FD215DB}.Release|Any CPU.ActiveCfg = Release|Any CPU
		{85B166B4-2661-4AC2-8BCB-89301FD215DB}.Release|Any CPU.Build.0 = Release|Any CPU
		{074B1D60-88B2-4DCE-BD23-AC0767A2AAE7}.Debug|Any CPU.ActiveCfg = Debug|Any CPU
		{074B1D60-88B2-4DCE-BD23-AC0767A2AAE7}.Debug|Any CPU.Build.0 = Debug|Any CPU
		{074B1D60-88B2-4DCE-BD23-AC0767A2AAE7}.Release|Any CPU.ActiveCfg = Release|Any CPU
		{074B1D60-88B2-4DCE-BD23-AC0767A2AAE7}.Release|Any CPU.Build.0 = Release|Any CPU
		{B4F29FEE-510C-4B18-B1D2-22457D432F6F}.Debug|Any CPU.ActiveCfg = Debug|Any CPU
		{B4F29FEE-510C-4B18-B1D2-22457D432F6F}.Debug|Any CPU.Build.0 = Debug|Any CPU
		{B4F29FEE-510C-4B18-B1D2-22457D432F6F}.Release|Any CPU.ActiveCfg = Release|Any CPU
		{B4F29FEE-510C-4B18-B1D2-22457D432F6F}.Release|Any CPU.Build.0 = Release|Any CPU
		{A9CA16B2-0F30-4A9A-A0A5-21A3A07B80FA}.Debug|Any CPU.ActiveCfg = Debug|Any CPU
		{A9CA16B2-0F30-4A9A-A0A5-21A3A07B80FA}.Debug|Any CPU.Build.0 = Debug|Any CPU
		{A9CA16B2-0F30-4A9A-A0A5-21A3A07B80FA}.Release|Any CPU.ActiveCfg = Release|Any CPU
		{A9CA16B2-0F30-4A9A-A0A5-21A3A07B80FA}.Release|Any CPU.Build.0 = Release|Any CPU
		{1834BE65-B5D1-4C9F-8409-8C26542CCFDF}.Debug|Any CPU.ActiveCfg = Debug|Any CPU
		{1834BE65-B5D1-4C9F-8409-8C26542CCFDF}.Debug|Any CPU.Build.0 = Debug|Any CPU
		{1834BE65-B5D1-4C9F-8409-8C26542CCFDF}.Release|Any CPU.ActiveCfg = Release|Any CPU
		{1834BE65-B5D1-4C9F-8409-8C26542CCFDF}.Release|Any CPU.Build.0 = Release|Any CPU
		{71987612-935B-402F-8180-B17E36F425BF}.Debug|Any CPU.ActiveCfg = Debug|Any CPU
		{71987612-935B-402F-8180-B17E36F425BF}.Debug|Any CPU.Build.0 = Debug|Any CPU
		{71987612-935B-402F-8180-B17E36F425BF}.Release|Any CPU.ActiveCfg = Release|Any CPU
		{71987612-935B-402F-8180-B17E36F425BF}.Release|Any CPU.Build.0 = Release|Any CPU
		{1B543CDD-8394-4FAC-99E7-90CBDA994AE8}.Debug|Any CPU.ActiveCfg = Debug|Any CPU
		{1B543CDD-8394-4FAC-99E7-90CBDA994AE8}.Debug|Any CPU.Build.0 = Debug|Any CPU
		{1B543CDD-8394-4FAC-99E7-90CBDA994AE8}.Release|Any CPU.ActiveCfg = Release|Any CPU
		{1B543CDD-8394-4FAC-99E7-90CBDA994AE8}.Release|Any CPU.Build.0 = Release|Any CPU
		{957F69E1-5E5B-4F72-9957-FDB255374479}.Debug|Any CPU.ActiveCfg = Debug|Any CPU
		{957F69E1-5E5B-4F72-9957-FDB255374479}.Debug|Any CPU.Build.0 = Debug|Any CPU
		{957F69E1-5E5B-4F72-9957-FDB255374479}.Release|Any CPU.ActiveCfg = Release|Any CPU
		{957F69E1-5E5B-4F72-9957-FDB255374479}.Release|Any CPU.Build.0 = Release|Any CPU
		{30619100-7D5B-433F-BFC6-66B734500CE6}.Debug|Any CPU.ActiveCfg = Debug|Any CPU
		{30619100-7D5B-433F-BFC6-66B734500CE6}.Debug|Any CPU.Build.0 = Debug|Any CPU
		{30619100-7D5B-433F-BFC6-66B734500CE6}.Release|Any CPU.ActiveCfg = Release|Any CPU
		{30619100-7D5B-433F-BFC6-66B734500CE6}.Release|Any CPU.Build.0 = Release|Any CPU
		{6104A41F-8137-4290-ADD3-731BC412FDC6}.Debug|Any CPU.ActiveCfg = Debug|Any CPU
		{6104A41F-8137-4290-ADD3-731BC412FDC6}.Debug|Any CPU.Build.0 = Debug|Any CPU
		{6104A41F-8137-4290-ADD3-731BC412FDC6}.Release|Any CPU.ActiveCfg = Release|Any CPU
		{6104A41F-8137-4290-ADD3-731BC412FDC6}.Release|Any CPU.Build.0 = Release|Any CPU
		{025BCE68-A750-4D22-B955-2A9452059FD4}.Debug|Any CPU.ActiveCfg = Debug|Any CPU
		{025BCE68-A750-4D22-B955-2A9452059FD4}.Debug|Any CPU.Build.0 = Debug|Any CPU
		{025BCE68-A750-4D22-B955-2A9452059FD4}.Release|Any CPU.ActiveCfg = Release|Any CPU
		{025BCE68-A750-4D22-B955-2A9452059FD4}.Release|Any CPU.Build.0 = Release|Any CPU
		{AE641431-6082-4327-9334-45801D5878CB}.Debug|Any CPU.ActiveCfg = Debug|Any CPU
		{AE641431-6082-4327-9334-45801D5878CB}.Debug|Any CPU.Build.0 = Debug|Any CPU
		{AE641431-6082-4327-9334-45801D5878CB}.Release|Any CPU.ActiveCfg = Release|Any CPU
		{AE641431-6082-4327-9334-45801D5878CB}.Release|Any CPU.Build.0 = Release|Any CPU
		{47DE8223-D65F-4513-B425-404ABB177D3C}.Debug|Any CPU.ActiveCfg = Debug|Any CPU
		{47DE8223-D65F-4513-B425-404ABB177D3C}.Debug|Any CPU.Build.0 = Debug|Any CPU
		{47DE8223-D65F-4513-B425-404ABB177D3C}.Release|Any CPU.ActiveCfg = Release|Any CPU
		{47DE8223-D65F-4513-B425-404ABB177D3C}.Release|Any CPU.Build.0 = Release|Any CPU
		{38DC6882-3175-4785-9CC3-584323F36EFB}.Debug|Any CPU.ActiveCfg = Debug|Any CPU
		{38DC6882-3175-4785-9CC3-584323F36EFB}.Debug|Any CPU.Build.0 = Debug|Any CPU
		{38DC6882-3175-4785-9CC3-584323F36EFB}.Release|Any CPU.ActiveCfg = Release|Any CPU
		{38DC6882-3175-4785-9CC3-584323F36EFB}.Release|Any CPU.Build.0 = Release|Any CPU
		{728798CE-0036-4F92-A197-2F22B15ED724}.Debug|Any CPU.ActiveCfg = Debug|Any CPU
		{728798CE-0036-4F92-A197-2F22B15ED724}.Debug|Any CPU.Build.0 = Debug|Any CPU
		{728798CE-0036-4F92-A197-2F22B15ED724}.Release|Any CPU.ActiveCfg = Release|Any CPU
		{728798CE-0036-4F92-A197-2F22B15ED724}.Release|Any CPU.Build.0 = Release|Any CPU
		{0F98B4E7-3406-4BFC-9DE2-69CD49D0BD35}.Debug|Any CPU.ActiveCfg = Debug|Any CPU
		{0F98B4E7-3406-4BFC-9DE2-69CD49D0BD35}.Debug|Any CPU.Build.0 = Debug|Any CPU
		{0F98B4E7-3406-4BFC-9DE2-69CD49D0BD35}.Release|Any CPU.ActiveCfg = Release|Any CPU
		{0F98B4E7-3406-4BFC-9DE2-69CD49D0BD35}.Release|Any CPU.Build.0 = Release|Any CPU
	EndGlobalSection
	GlobalSection(NestedProjects) = preSolution
		{CBCD65EE-3254-4D75-B316-75321033A307} = {B1C4763B-A723-4FEB-930D-31F7FF65B530}
		{85B166B4-2661-4AC2-8BCB-89301FD215DB} = {069BEE41-0BB5-44C9-A5CA-E1C4A937712C}
		{074B1D60-88B2-4DCE-BD23-AC0767A2AAE7} = {069BEE41-0BB5-44C9-A5CA-E1C4A937712C}
		{B4F29FEE-510C-4B18-B1D2-22457D432F6F} = {5681FA8A-1BD5-4E4D-9A14-38125DDC982D}
		{A9CA16B2-0F30-4A9A-A0A5-21A3A07B80FA} = {5681FA8A-1BD5-4E4D-9A14-38125DDC982D}
		{1834BE65-B5D1-4C9F-8409-8C26542CCFDF} = {5681FA8A-1BD5-4E4D-9A14-38125DDC982D}
		{71987612-935B-402F-8180-B17E36F425BF} = {5681FA8A-1BD5-4E4D-9A14-38125DDC982D}
		{1B543CDD-8394-4FAC-99E7-90CBDA994AE8} = {5681FA8A-1BD5-4E4D-9A14-38125DDC982D}
		{957F69E1-5E5B-4F72-9957-FDB255374479} = {5681FA8A-1BD5-4E4D-9A14-38125DDC982D}
		{30619100-7D5B-433F-BFC6-66B734500CE6} = {5681FA8A-1BD5-4E4D-9A14-38125DDC982D}
		{6104A41F-8137-4290-ADD3-731BC412FDC6} = {5681FA8A-1BD5-4E4D-9A14-38125DDC982D}
		{025BCE68-A750-4D22-B955-2A9452059FD4} = {5681FA8A-1BD5-4E4D-9A14-38125DDC982D}
		{AE641431-6082-4327-9334-45801D5878CB} = {5681FA8A-1BD5-4E4D-9A14-38125DDC982D}
		{47DE8223-D65F-4513-B425-404ABB177D3C} = {5681FA8A-1BD5-4E4D-9A14-38125DDC982D}
		{38DC6882-3175-4785-9CC3-584323F36EFB} = {5681FA8A-1BD5-4E4D-9A14-38125DDC982D}
		{728798CE-0036-4F92-A197-2F22B15ED724} = {5681FA8A-1BD5-4E4D-9A14-38125DDC982D}
		{0F98B4E7-3406-4BFC-9DE2-69CD49D0BD35} = {3F3FE1CF-4342-4A45-8E9C-0E7F211CC4F8}
	EndGlobalSection
EndGlobal
